
Microsoft Visual Studio Solution File, Format Version 12.00
# Visual Studio Version 17
VisualStudioVersion = 17.2.32630.192
MinimumVisualStudioVersion = 10.0.40219.1
Project("{FAE04EC0-301F-11D3-BF4B-00C04F79EFBC}") = "Pagination", "Pagination\Pagination.csproj", "{361914FA-4849-46B5-8A27-E06194482213}"
EndProject
Global
	GlobalSection(SolutionConfigurationPlatforms) = preSolution
		Debug|Any CPU = Debug|Any CPU
		Release|Any CPU = Release|Any CPU
	EndGlobalSection
	GlobalSection(ProjectConfigurationPlatforms) = postSolution
		{361914FA-4849-46B5-8A27-E06194482213}.Debug|Any CPU.ActiveCfg = Debug|Any CPU
		{361914FA-4849-46B5-8A27-E06194482213}.Debug|Any CPU.Build.0 = Debug|Any CPU
		{361914FA-4849-46B5-8A27-E06194482213}.Release|Any CPU.ActiveCfg = Release|Any CPU
		{361914FA-4849-46B5-8A27-E06194482213}.Release|Any CPU.Build.0 = Release|Any CPU
	EndGlobalSection
	GlobalSection(SolutionProperties) = preSolution
		HideSolutionNode = FALSE
	EndGlobalSection
	GlobalSection(ExtensibilityGlobals) = postSolution
		SolutionGuid = {DD999233-25F0-4224-85B1-FF86AC358E4B}
	EndGlobalSection
EndGlobal
